
Microsoft Visual Studio Solution File, Format Version 12.00
# Visual Studio Version 16
VisualStudioVersion = 16.0.30804.86
MinimumVisualStudioVersion = 10.0.40219.1
Project("{FAE04EC0-301F-11D3-BF4B-00C04F79EFBC}") = "CSharpEgitim", "CSharpEgitim\CSharpEgitim.csproj", "{25F27BE0-2F8F-4952-8265-0316AB78DC3B}"
EndProject
Project("{FAE04EC0-301F-11D3-BF4B-00C04F79EFBC}") = "DegerveReferansTipler", "DegerveReferansTipler\DegerveReferansTipler.csproj", "{B983D2EE-ADB0-418C-AE96-8863BA1A84B9}"
EndProject
Project("{FAE04EC0-301F-11D3-BF4B-00C04F79EFBC}") = "Donguler", "Donguler\Donguler.csproj", "{16BC9FBE-8775-491D-8F24-639D49255104}"
EndProject
Project("{FAE04EC0-301F-11D3-BF4B-00C04F79EFBC}") = "Koleksiyonlar", "Koleksiyonlar\Koleksiyonlar.csproj", "{5A0FCD71-4A13-435A-ABA0-F9C2980A4349}"
EndProject
Project("{FAE04EC0-301F-11D3-BF4B-00C04F79EFBC}") = "Matematik", "Matematik\Matematik.csproj", "{9A474BC9-047A-41EB-8F56-FCE73E472002}"
EndProject
Project("{FAE04EC0-301F-11D3-BF4B-00C04F79EFBC}") = "Metotlar", "Metotlar\Metotlar.csproj", "{C8B71840-36AF-48E6-BABE-2AB7CC927C44}"
EndProject
Global
	GlobalSection(SolutionConfigurationPlatforms) = preSolution
		Debug|Any CPU = Debug|Any CPU
		Release|Any CPU = Release|Any CPU
	EndGlobalSection
	GlobalSection(ProjectConfigurationPlatforms) = postSolution
		{25F27BE0-2F8F-4952-8265-0316AB78DC3B}.Debug|Any CPU.ActiveCfg = Debug|Any CPU
		{25F27BE0-2F8F-4952-8265-0316AB78DC3B}.Debug|Any CPU.Build.0 = Debug|Any CPU
		{25F27BE0-2F8F-4952-8265-0316AB78DC3B}.Release|Any CPU.ActiveCfg = Release|Any CPU
		{25F27BE0-2F8F-4952-8265-0316AB78DC3B}.Release|Any CPU.Build.0 = Release|Any CPU
		{B983D2EE-ADB0-418C-AE96-8863BA1A84B9}.Debug|Any CPU.ActiveCfg = Debug|Any CPU
		{B983D2EE-ADB0-418C-AE96-8863BA1A84B9}.Debug|Any CPU.Build.0 = Debug|Any CPU
		{B983D2EE-ADB0-418C-AE96-8863BA1A84B9}.Release|Any CPU.ActiveCfg = Release|Any CPU
		{B983D2EE-ADB0-418C-AE96-8863BA1A84B9}.Release|Any CPU.Build.0 = Release|Any CPU
		{16BC9FBE-8775-491D-8F24-639D49255104}.Debug|Any CPU.ActiveCfg = Debug|Any CPU
		{16BC9FBE-8775-491D-8F24-639D49255104}.Debug|Any CPU.Build.0 = Debug|Any CPU
		{16BC9FBE-8775-491D-8F24-639D49255104}.Release|Any CPU.ActiveCfg = Release|Any CPU
		{16BC9FBE-8775-491D-8F24-639D49255104}.Release|Any CPU.Build.0 = Release|Any CPU
		{5A0FCD71-4A13-435A-ABA0-F9C2980A4349}.Debug|Any CPU.ActiveCfg = Debug|Any CPU
		{5A0FCD71-4A13-435A-ABA0-F9C2980A4349}.Debug|Any CPU.Build.0 = Debug|Any CPU
		{5A0FCD71-4A13-435A-ABA0-F9C2980A4349}.Release|Any CPU.ActiveCfg = Release|Any CPU
		{5A0FCD71-4A13-435A-ABA0-F9C2980A4349}.Release|Any CPU.Build.0 = Release|Any CPU
		{9A474BC9-047A-41EB-8F56-FCE73E472002}.Debug|Any CPU.ActiveCfg = Debug|Any CPU
		{9A474BC9-047A-41EB-8F56-FCE73E472002}.Debug|Any CPU.Build.0 = Debug|Any CPU
		{9A474BC9-047A-41EB-8F56-FCE73E472002}.Release|Any CPU.ActiveCfg = Release|Any CPU
		{9A474BC9-047A-41EB-8F56-FCE73E472002}.Release|Any CPU.Build.0 = Release|Any CPU
		{C8B71840-36AF-48E6-BABE-2AB7CC927C44}.Debug|Any CPU.ActiveCfg = Debug|Any CPU
		{C8B71840-36AF-48E6-BABE-2AB7CC927C44}.Debug|Any CPU.Build.0 = Debug|Any CPU
		{C8B71840-36AF-48E6-BABE-2AB7CC927C44}.Release|Any CPU.ActiveCfg = Release|Any CPU
		{C8B71840-36AF-48E6-BABE-2AB7CC927C44}.Release|Any CPU.Build.0 = Release|Any CPU
	EndGlobalSection
	GlobalSection(SolutionProperties) = preSolution
		HideSolutionNode = FALSE
	EndGlobalSection
	GlobalSection(ExtensibilityGlobals) = postSolution
		SolutionGuid = {6522C6D5-FFFF-43BC-8954-18AB1E93A62D}
	EndGlobalSection
EndGlobal
